
Microsoft Visual Studio Solution File, Format Version 12.00
# Visual Studio Version 17
VisualStudioVersion = 17.6.33723.286
MinimumVisualStudioVersion = 10.0.40219.1
Project("{FAE04EC0-301F-11D3-BF4B-00C04F79EFBC}") = "HRApp", "HRApp\HRApp.csproj", "{440C0203-CC5C-4C73-9C7E-299670373EC1}"
EndProject
Global
	GlobalSection(SolutionConfigurationPlatforms) = preSolution
		Debug|Any CPU = Debug|Any CPU
		Release|Any CPU = Release|Any CPU
	EndGlobalSection
	GlobalSection(ProjectConfigurationPlatforms) = postSolution
		{440C0203-CC5C-4C73-9C7E-299670373EC1}.Debug|Any CPU.ActiveCfg = Debug|Any CPU
		{440C0203-CC5C-4C73-9C7E-299670373EC1}.Debug|Any CPU.Build.0 = Debug|Any CPU
		{440C0203-CC5C-4C73-9C7E-299670373EC1}.Release|Any CPU.ActiveCfg = Release|Any CPU
		{440C0203-CC5C-4C73-9C7E-299670373EC1}.Release|Any CPU.Build.0 = Release|Any CPU
	EndGlobalSection
	GlobalSection(SolutionProperties) = preSolution
		HideSolutionNode = FALSE
	EndGlobalSection
	GlobalSection(ExtensibilityGlobals) = postSolution
		SolutionGuid = {411AB9E7-DAFD-44DA-B059-EAC5AFAD34C4}
	EndGlobalSection
EndGlobal
